
Microsoft Visual Studio Solution File, Format Version 12.00
# Visual Studio 14
VisualStudioVersion = 14.0.25420.1
MinimumVisualStudioVersion = 10.0.40219.1
Project("{2150E333-8FDC-42A3-9474-1A3956D46DE8}") = "CHSW", "CHSW", "{4F31C37F-754E-4A4D-8D2A-E068478894FB}"
EndProject
Project("{2150E333-8FDC-42A3-9474-1A3956D46DE8}") = "Common", "Common", "{C869BB0E-6586-478C-B8DC-0DCF665A795B}"
EndProject
Project("{2150E333-8FDC-42A3-9474-1A3956D46DE8}") = "K2WF", "K2WF", "{83EEAA41-82D7-49FC-A412-4A559378057E}"
EndProject
Project("{FAE04EC0-301F-11D3-BF4B-00C04F79EFBC}") = "aZaaS.Compact.Framework", "K2WF\aZaaS.Compact.Framework\aZaaS.Compact.Framework.csproj", "{0168F92B-CC5A-4BA1-A047-AE5A2285DDA8}"
EndProject
Project("{FAE04EC0-301F-11D3-BF4B-00C04F79EFBC}") = "aZaaS.Compact.Framework.Workflow", "K2WF\aZaaS.Compact.Framework.Workflow\aZaaS.Compact.Framework.Workflow.csproj", "{B9C230E4-9CDD-4C0B-9B0E-EB79BB0260AB}"
EndProject
Project("{FAE04EC0-301F-11D3-BF4B-00C04F79EFBC}") = "aZaaS.Compact.Framework.Test", "K2WF\aZaaS.Compact.Framework.Test\aZaaS.Compact.Framework.Test.csproj", "{29A192A0-AF2A-4130-AD86-EAEBC3EBD900}"
EndProject
Project("{FAE04EC0-301F-11D3-BF4B-00C04F79EFBC}") = "HKTDC.WebAPI.CHSW", "CHSW\HKTDC.WebAPI.CHSW\HKTDC.WebAPI.CHSW.csproj", "{34DBFFE6-9EE8-4C74-B060-04D2D938042E}"
EndProject
Project("{FAE04EC0-301F-11D3-BF4B-00C04F79EFBC}") = "HKTDC.WebAPI.Common", "Common\HKTDC.WebAPI.Common\HKTDC.WebAPI.Common.csproj", "{E2D16612-EF5C-4189-AA7D-FAFE79ADF94D}"
EndProject
Project("{FAE04EC0-301F-11D3-BF4B-00C04F79EFBC}") = "HKTDC.Service.EmailNotification", "Common\HKTDC.Service.EmailNotification\HKTDC.Service.EmailNotification.csproj", "{C4D1E49F-0BB1-4BEF-9480-67F521A3A22B}"
EndProject
Project("{FAE04EC0-301F-11D3-BF4B-00C04F79EFBC}") = "HKTDC.Service.EmailChecker", "Common\HKTDC.Service.EmailChecker\HKTDC.Service.EmailChecker.csproj", "{3923924B-EDA8-454B-A7E3-2EC67960C569}"
EndProject
Project("{2150E333-8FDC-42A3-9474-1A3956D46DE8}") = "ServiceBroker", "ServiceBroker", "{323646A7-104D-49CA-A3A4-A2FB89F3BF77}"
EndProject
Project("{FAE04EC0-301F-11D3-BF4B-00C04F79EFBC}") = "PushNotificationServiceBroker", "ServiceBroker\PushNotificationServiceBroker\PushNotificationServiceBroker.csproj", "{5B66037B-6531-4A3B-989B-3196FA03DAC0}"
EndProject
Global
	GlobalSection(SolutionConfigurationPlatforms) = preSolution
		Debug|Any CPU = Debug|Any CPU
		Release|Any CPU = Release|Any CPU
	EndGlobalSection
	GlobalSection(ProjectConfigurationPlatforms) = postSolution
		{0168F92B-CC5A-4BA1-A047-AE5A2285DDA8}.Debug|Any CPU.ActiveCfg = Debug|Any CPU
		{0168F92B-CC5A-4BA1-A047-AE5A2285DDA8}.Debug|Any CPU.Build.0 = Debug|Any CPU
		{0168F92B-CC5A-4BA1-A047-AE5A2285DDA8}.Release|Any CPU.ActiveCfg = Release|Any CPU
		{0168F92B-CC5A-4BA1-A047-AE5A2285DDA8}.Release|Any CPU.Build.0 = Release|Any CPU
		{B9C230E4-9CDD-4C0B-9B0E-EB79BB0260AB}.Debug|Any CPU.ActiveCfg = Debug|Any CPU
		{B9C230E4-9CDD-4C0B-9B0E-EB79BB0260AB}.Debug|Any CPU.Build.0 = Debug|Any CPU
		{B9C230E4-9CDD-4C0B-9B0E-EB79BB0260AB}.Release|Any CPU.ActiveCfg = Release|Any CPU
		{B9C230E4-9CDD-4C0B-9B0E-EB79BB0260AB}.Release|Any CPU.Build.0 = Release|Any CPU
		{29A192A0-AF2A-4130-AD86-EAEBC3EBD900}.Debug|Any CPU.ActiveCfg = Debug|Any CPU
		{29A192A0-AF2A-4130-AD86-EAEBC3EBD900}.Debug|Any CPU.Build.0 = Debug|Any CPU
		{29A192A0-AF2A-4130-AD86-EAEBC3EBD900}.Release|Any CPU.ActiveCfg = Release|Any CPU
		{29A192A0-AF2A-4130-AD86-EAEBC3EBD900}.Release|Any CPU.Build.0 = Release|Any CPU
		{34DBFFE6-9EE8-4C74-B060-04D2D938042E}.Debug|Any CPU.ActiveCfg = Debug|Any CPU
		{34DBFFE6-9EE8-4C74-B060-04D2D938042E}.Debug|Any CPU.Build.0 = Debug|Any CPU
		{34DBFFE6-9EE8-4C74-B060-04D2D938042E}.Release|Any CPU.ActiveCfg = Release|Any CPU
		{34DBFFE6-9EE8-4C74-B060-04D2D938042E}.Release|Any CPU.Build.0 = Release|Any CPU
		{E2D16612-EF5C-4189-AA7D-FAFE79ADF94D}.Debug|Any CPU.ActiveCfg = Debug|Any CPU
		{E2D16612-EF5C-4189-AA7D-FAFE79ADF94D}.Debug|Any CPU.Build.0 = Debug|Any CPU
		{E2D16612-EF5C-4189-AA7D-FAFE79ADF94D}.Release|Any CPU.ActiveCfg = Release|Any CPU
		{E2D16612-EF5C-4189-AA7D-FAFE79ADF94D}.Release|Any CPU.Build.0 = Release|Any CPU
		{C4D1E49F-0BB1-4BEF-9480-67F521A3A22B}.Debug|Any CPU.ActiveCfg = Debug|Any CPU
		{C4D1E49F-0BB1-4BEF-9480-67F521A3A22B}.Debug|Any CPU.Build.0 = Debug|Any CPU
		{C4D1E49F-0BB1-4BEF-9480-67F521A3A22B}.Release|Any CPU.ActiveCfg = Release|Any CPU
		{C4D1E49F-0BB1-4BEF-9480-67F521A3A22B}.Release|Any CPU.Build.0 = Release|Any CPU
		{3923924B-EDA8-454B-A7E3-2EC67960C569}.Debug|Any CPU.ActiveCfg = Debug|Any CPU
		{3923924B-EDA8-454B-A7E3-2EC67960C569}.Debug|Any CPU.Build.0 = Debug|Any CPU
		{3923924B-EDA8-454B-A7E3-2EC67960C569}.Release|Any CPU.ActiveCfg = Release|Any CPU
		{3923924B-EDA8-454B-A7E3-2EC67960C569}.Release|Any CPU.Build.0 = Release|Any CPU
		{5B66037B-6531-4A3B-989B-3196FA03DAC0}.Debug|Any CPU.ActiveCfg = Debug|Any CPU
		{5B66037B-6531-4A3B-989B-3196FA03DAC0}.Debug|Any CPU.Build.0 = Debug|Any CPU
		{5B66037B-6531-4A3B-989B-3196FA03DAC0}.Release|Any CPU.ActiveCfg = Release|Any CPU
		{5B66037B-6531-4A3B-989B-3196FA03DAC0}.Release|Any CPU.Build.0 = Release|Any CPU
	EndGlobalSection
	GlobalSection(SolutionProperties) = preSolution
		HideSolutionNode = FALSE
	EndGlobalSection
	GlobalSection(NestedProjects) = preSolution
		{0168F92B-CC5A-4BA1-A047-AE5A2285DDA8} = {83EEAA41-82D7-49FC-A412-4A559378057E}
		{B9C230E4-9CDD-4C0B-9B0E-EB79BB0260AB} = {83EEAA41-82D7-49FC-A412-4A559378057E}
		{29A192A0-AF2A-4130-AD86-EAEBC3EBD900} = {83EEAA41-82D7-49FC-A412-4A559378057E}
		{34DBFFE6-9EE8-4C74-B060-04D2D938042E} = {4F31C37F-754E-4A4D-8D2A-E068478894FB}
		{E2D16612-EF5C-4189-AA7D-FAFE79ADF94D} = {C869BB0E-6586-478C-B8DC-0DCF665A795B}
		{C4D1E49F-0BB1-4BEF-9480-67F521A3A22B} = {C869BB0E-6586-478C-B8DC-0DCF665A795B}
		{3923924B-EDA8-454B-A7E3-2EC67960C569} = {C869BB0E-6586-478C-B8DC-0DCF665A795B}
		{5B66037B-6531-4A3B-989B-3196FA03DAC0} = {323646A7-104D-49CA-A3A4-A2FB89F3BF77}
	EndGlobalSection
EndGlobal
